
Microsoft Visual Studio Solution File, Format Version 12.00
# Visual Studio Version 16
VisualStudioVersion = 16.0.32407.337
MinimumVisualStudioVersion = 10.0.40219.1
Project("{2150E333-8FDC-42A3-9474-1A3956D46DE8}") = "src", "src", "{63434172-4889-4556-A53A-D8E582727836}"
EndProject
Project("{2150E333-8FDC-42A3-9474-1A3956D46DE8}") = "Solution Items", "Solution Items", "{880A2B58-20A8-412E-AFA4-DC3A37C69045}"
	ProjectSection(SolutionItems) = preProject
		.editorconfig = .editorconfig
	EndProjectSection
EndProject
Project("{FAE04EC0-301F-11D3-BF4B-00C04F79EFBC}") = "ServiceNow.Graph", "src\ServiceNow.Graph\ServiceNow.Graph.csproj", "{7083EB5D-A3A9-49F2-AF81-4711DE00FBAA}"
EndProject
Project("{2150E333-8FDC-42A3-9474-1A3956D46DE8}") = "tests", "tests", "{CC547C49-F0F0-469D-9C15-BA161DC308F2}"
EndProject
Project("{9A19103F-16F7-4668-BE54-9A1E7A4F7556}") = "ServiceNow.Graph.Test", "tests\ServiceNow.Graph.Test\ServiceNow.Graph.Test.csproj", "{8EB24DD7-3A90-4410-99E6-E4408457D0D7}"
EndProject
Global
	GlobalSection(SolutionConfigurationPlatforms) = preSolution
		Debug|Any CPU = Debug|Any CPU
		Release|Any CPU = Release|Any CPU
	EndGlobalSection
	GlobalSection(ProjectConfigurationPlatforms) = postSolution
		{7083EB5D-A3A9-49F2-AF81-4711DE00FBAA}.Debug|Any CPU.ActiveCfg = Debug|Any CPU
		{7083EB5D-A3A9-49F2-AF81-4711DE00FBAA}.Debug|Any CPU.Build.0 = Debug|Any CPU
		{7083EB5D-A3A9-49F2-AF81-4711DE00FBAA}.Release|Any CPU.ActiveCfg = Release|Any CPU
		{7083EB5D-A3A9-49F2-AF81-4711DE00FBAA}.Release|Any CPU.Build.0 = Release|Any CPU
		{8EB24DD7-3A90-4410-99E6-E4408457D0D7}.Debug|Any CPU.ActiveCfg = Debug|Any CPU
		{8EB24DD7-3A90-4410-99E6-E4408457D0D7}.Debug|Any CPU.Build.0 = Debug|Any CPU
		{8EB24DD7-3A90-4410-99E6-E4408457D0D7}.Release|Any CPU.ActiveCfg = Release|Any CPU
		{8EB24DD7-3A90-4410-99E6-E4408457D0D7}.Release|Any CPU.Build.0 = Release|Any CPU
	EndGlobalSection
	GlobalSection(SolutionProperties) = preSolution
		HideSolutionNode = FALSE
	EndGlobalSection
	GlobalSection(NestedProjects) = preSolution
		{7083EB5D-A3A9-49F2-AF81-4711DE00FBAA} = {63434172-4889-4556-A53A-D8E582727836}
		{8EB24DD7-3A90-4410-99E6-E4408457D0D7} = {CC547C49-F0F0-469D-9C15-BA161DC308F2}
	EndGlobalSection
	GlobalSection(ExtensibilityGlobals) = postSolution
		SolutionGuid = {C7FFABF9-E452-4A2E-AA5F-2BDAF2A92268}
	EndGlobalSection
EndGlobal
